
Microsoft Visual Studio Solution File, Format Version 12.00
# Visual Studio 15
VisualStudioVersion = 15.0.26127.0
MinimumVisualStudioVersion = 10.0.40219.1
Project("{2150E333-8FDC-42A3-9474-1A3956D46DE8}") = "src", "src", "{2EAA95E2-6FF5-4C0D-9BB4-788CADD88F19}"
EndProject
Project("{9A19103F-16F7-4668-BE54-9A1E7A4F7556}") = "ScriptingInWebAppDemo", "src\ScriptingInWebAppDemo\ScriptingInWebAppDemo.csproj", "{D3B5A1FA-9410-4E39-BB5C-FB7998186B90}"
EndProject
Global
	GlobalSection(SolutionConfigurationPlatforms) = preSolution
		Debug|Any CPU = Debug|Any CPU
		Release|Any CPU = Release|Any CPU
	EndGlobalSection
	GlobalSection(ProjectConfigurationPlatforms) = postSolution
		{D3B5A1FA-9410-4E39-BB5C-FB7998186B90}.Debug|Any CPU.ActiveCfg = Debug|Any CPU
		{D3B5A1FA-9410-4E39-BB5C-FB7998186B90}.Debug|Any CPU.Build.0 = Debug|Any CPU
		{D3B5A1FA-9410-4E39-BB5C-FB7998186B90}.Release|Any CPU.ActiveCfg = Release|Any CPU
		{D3B5A1FA-9410-4E39-BB5C-FB7998186B90}.Release|Any CPU.Build.0 = Release|Any CPU
	EndGlobalSection
	GlobalSection(SolutionProperties) = preSolution
		HideSolutionNode = FALSE
	EndGlobalSection
	GlobalSection(NestedProjects) = preSolution
		{D3B5A1FA-9410-4E39-BB5C-FB7998186B90} = {2EAA95E2-6FF5-4C0D-9BB4-788CADD88F19}
	EndGlobalSection
EndGlobal
