
Microsoft Visual Studio Solution File, Format Version 12.00
# Visual Studio 15
VisualStudioVersion = 15.0.27428.2037
MinimumVisualStudioVersion = 10.0.40219.1
Project("{FAE04EC0-301F-11D3-BF4B-00C04F79EFBC}") = "WebAppConfig", "WebAppConfig\WebAppConfig.csproj", "{5B5917A6-5E08-4419-88E9-CD910A552832}"
EndProject
Global
	GlobalSection(SolutionConfigurationPlatforms) = preSolution
		Debug|Any CPU = Debug|Any CPU
		Release|Any CPU = Release|Any CPU
	EndGlobalSection
	GlobalSection(ProjectConfigurationPlatforms) = postSolution
		{5B5917A6-5E08-4419-88E9-CD910A552832}.Debug|Any CPU.ActiveCfg = Debug|Any CPU
		{5B5917A6-5E08-4419-88E9-CD910A552832}.Debug|Any CPU.Build.0 = Debug|Any CPU
		{5B5917A6-5E08-4419-88E9-CD910A552832}.Release|Any CPU.ActiveCfg = Release|Any CPU
		{5B5917A6-5E08-4419-88E9-CD910A552832}.Release|Any CPU.Build.0 = Release|Any CPU
	EndGlobalSection
	GlobalSection(SolutionProperties) = preSolution
		HideSolutionNode = FALSE
	EndGlobalSection
	GlobalSection(ExtensibilityGlobals) = postSolution
		SolutionGuid = {FB6E7C01-A1D9-4867-AA93-22C718BA9A17}
	EndGlobalSection
EndGlobal
